
Microsoft Visual Studio Solution File, Format Version 12.00
# Visual Studio Version 17
VisualStudioVersion = 17.2.32519.379
MinimumVisualStudioVersion = 10.0.40219.1
Project("{9A19103F-16F7-4668-BE54-9A1E7A4F7556}") = "CsGame", "CsGame.csproj", "{C8588307-6C1E-469D-ABC5-43F5EC8F9537}"
EndProject
Project("{8BC9CEB8-8B4A-11D0-8D11-00A0C91BC942}") = "EngineBindings", "..\EngineBindings\EngineBindings.vcxproj", "{B6C17CBF-6C11-4C8C-BB2B-CAD227D16D15}"
EndProject
Project("{FAE04EC0-301F-11D3-BF4B-00C04F79EFBC}") = "BindingsGenerator", "..\BindingsGenerator\BindingsGenerator.csproj", "{B8AC0690-46D8-4460-BE4E-005DC66949E6}"
EndProject
Global
	GlobalSection(SolutionConfigurationPlatforms) = preSolution
		Debug|Any CPU = Debug|Any CPU
		Debug|x64 = Debug|x64
		Debug|x86 = Debug|x86
		Release|Any CPU = Release|Any CPU
		Release|x64 = Release|x64
		Release|x86 = Release|x86
	EndGlobalSection
	GlobalSection(ProjectConfigurationPlatforms) = postSolution
		{C8588307-6C1E-469D-ABC5-43F5EC8F9537}.Debug|Any CPU.ActiveCfg = Debug|Any CPU
		{C8588307-6C1E-469D-ABC5-43F5EC8F9537}.Debug|Any CPU.Build.0 = Debug|Any CPU
		{C8588307-6C1E-469D-ABC5-43F5EC8F9537}.Debug|x64.ActiveCfg = Debug|Any CPU
		{C8588307-6C1E-469D-ABC5-43F5EC8F9537}.Debug|x64.Build.0 = Debug|Any CPU
		{C8588307-6C1E-469D-ABC5-43F5EC8F9537}.Debug|x86.ActiveCfg = Debug|Any CPU
		{C8588307-6C1E-469D-ABC5-43F5EC8F9537}.Debug|x86.Build.0 = Debug|Any CPU
		{C8588307-6C1E-469D-ABC5-43F5EC8F9537}.Release|Any CPU.ActiveCfg = Release|Any CPU
		{C8588307-6C1E-469D-ABC5-43F5EC8F9537}.Release|Any CPU.Build.0 = Release|Any CPU
		{C8588307-6C1E-469D-ABC5-43F5EC8F9537}.Release|x64.ActiveCfg = Release|Any CPU
		{C8588307-6C1E-469D-ABC5-43F5EC8F9537}.Release|x64.Build.0 = Release|Any CPU
		{C8588307-6C1E-469D-ABC5-43F5EC8F9537}.Release|x86.ActiveCfg = Release|Any CPU
		{C8588307-6C1E-469D-ABC5-43F5EC8F9537}.Release|x86.Build.0 = Release|Any CPU
		{B6C17CBF-6C11-4C8C-BB2B-CAD227D16D15}.Debug|Any CPU.ActiveCfg = Debug|x64
		{B6C17CBF-6C11-4C8C-BB2B-CAD227D16D15}.Debug|Any CPU.Build.0 = Debug|x64
		{B6C17CBF-6C11-4C8C-BB2B-CAD227D16D15}.Debug|x64.ActiveCfg = Debug|x64
		{B6C17CBF-6C11-4C8C-BB2B-CAD227D16D15}.Debug|x64.Build.0 = Debug|x64
		{B6C17CBF-6C11-4C8C-BB2B-CAD227D16D15}.Debug|x86.ActiveCfg = Debug|Win32
		{B6C17CBF-6C11-4C8C-BB2B-CAD227D16D15}.Debug|x86.Build.0 = Debug|Win32
		{B6C17CBF-6C11-4C8C-BB2B-CAD227D16D15}.Release|Any CPU.ActiveCfg = Release|x64
		{B6C17CBF-6C11-4C8C-BB2B-CAD227D16D15}.Release|Any CPU.Build.0 = Release|x64
		{B6C17CBF-6C11-4C8C-BB2B-CAD227D16D15}.Release|x64.ActiveCfg = Release|x64
		{B6C17CBF-6C11-4C8C-BB2B-CAD227D16D15}.Release|x64.Build.0 = Release|x64
		{B6C17CBF-6C11-4C8C-BB2B-CAD227D16D15}.Release|x86.ActiveCfg = Release|Win32
		{B6C17CBF-6C11-4C8C-BB2B-CAD227D16D15}.Release|x86.Build.0 = Release|Win32
		{B8AC0690-46D8-4460-BE4E-005DC66949E6}.Debug|Any CPU.ActiveCfg = Debug|Any CPU
		{B8AC0690-46D8-4460-BE4E-005DC66949E6}.Debug|Any CPU.Build.0 = Debug|Any CPU
		{B8AC0690-46D8-4460-BE4E-005DC66949E6}.Debug|x64.ActiveCfg = Debug|Any CPU
		{B8AC0690-46D8-4460-BE4E-005DC66949E6}.Debug|x64.Build.0 = Debug|Any CPU
		{B8AC0690-46D8-4460-BE4E-005DC66949E6}.Debug|x86.ActiveCfg = Debug|Any CPU
		{B8AC0690-46D8-4460-BE4E-005DC66949E6}.Debug|x86.Build.0 = Debug|Any CPU
		{B8AC0690-46D8-4460-BE4E-005DC66949E6}.Release|Any CPU.ActiveCfg = Release|Any CPU
		{B8AC0690-46D8-4460-BE4E-005DC66949E6}.Release|Any CPU.Build.0 = Release|Any CPU
		{B8AC0690-46D8-4460-BE4E-005DC66949E6}.Release|x64.ActiveCfg = Release|Any CPU
		{B8AC0690-46D8-4460-BE4E-005DC66949E6}.Release|x64.Build.0 = Release|Any CPU
		{B8AC0690-46D8-4460-BE4E-005DC66949E6}.Release|x86.ActiveCfg = Release|Any CPU
		{B8AC0690-46D8-4460-BE4E-005DC66949E6}.Release|x86.Build.0 = Release|Any CPU
	EndGlobalSection
	GlobalSection(SolutionProperties) = preSolution
		HideSolutionNode = FALSE
	EndGlobalSection
	GlobalSection(ExtensibilityGlobals) = postSolution
		SolutionGuid = {97DD41C8-6837-4F17-8258-E5B57A76F05B}
	EndGlobalSection
EndGlobal
